
Microsoft Visual Studio Solution File, Format Version 12.00
# Visual Studio 15
VisualStudioVersion = 15.0.26228.12
MinimumVisualStudioVersion = 10.0.40219.1
Project("{FAE04EC0-301F-11D3-BF4B-00C04F79EFBC}") = "Lotto_fdj_PCL", "Lotto_fdj_PCL\Lotto_fdj_PCL\Lotto_fdj_PCL.csproj", "{507DCC7D-F215-43C2-83BF-E0F570513743}"
EndProject
Project("{FAE04EC0-301F-11D3-BF4B-00C04F79EFBC}") = "Lotto_fdj_PCL.iOS", "Lotto_fdj_PCL\Lotto_fdj_PCL.iOS\Lotto_fdj_PCL.iOS.csproj", "{90D59E6D-5252-4FB3-8E80-B59C6E917EAC}"
EndProject
Global
	GlobalSection(SolutionConfigurationPlatforms) = preSolution
		Ad-Hoc|Any CPU = Ad-Hoc|Any CPU
		Ad-Hoc|iPhone = Ad-Hoc|iPhone
		Ad-Hoc|iPhoneSimulator = Ad-Hoc|iPhoneSimulator
		AppStore|Any CPU = AppStore|Any CPU
		AppStore|iPhone = AppStore|iPhone
		AppStore|iPhoneSimulator = AppStore|iPhoneSimulator
		Debug|Any CPU = Debug|Any CPU
		Debug|iPhone = Debug|iPhone
		Debug|iPhoneSimulator = Debug|iPhoneSimulator
		Release|Any CPU = Release|Any CPU
		Release|iPhone = Release|iPhone
		Release|iPhoneSimulator = Release|iPhoneSimulator
	EndGlobalSection
	GlobalSection(ProjectConfigurationPlatforms) = postSolution
		{507DCC7D-F215-43C2-83BF-E0F570513743}.Ad-Hoc|Any CPU.ActiveCfg = Release|Any CPU
		{507DCC7D-F215-43C2-83BF-E0F570513743}.Ad-Hoc|Any CPU.Build.0 = Release|Any CPU
		{507DCC7D-F215-43C2-83BF-E0F570513743}.Ad-Hoc|iPhone.ActiveCfg = Release|Any CPU
		{507DCC7D-F215-43C2-83BF-E0F570513743}.Ad-Hoc|iPhone.Build.0 = Release|Any CPU
		{507DCC7D-F215-43C2-83BF-E0F570513743}.Ad-Hoc|iPhoneSimulator.ActiveCfg = Release|Any CPU
		{507DCC7D-F215-43C2-83BF-E0F570513743}.Ad-Hoc|iPhoneSimulator.Build.0 = Release|Any CPU
		{507DCC7D-F215-43C2-83BF-E0F570513743}.AppStore|Any CPU.ActiveCfg = Release|Any CPU
		{507DCC7D-F215-43C2-83BF-E0F570513743}.AppStore|Any CPU.Build.0 = Release|Any CPU
		{507DCC7D-F215-43C2-83BF-E0F570513743}.AppStore|iPhone.ActiveCfg = Release|Any CPU
		{507DCC7D-F215-43C2-83BF-E0F570513743}.AppStore|iPhone.Build.0 = Release|Any CPU
		{507DCC7D-F215-43C2-83BF-E0F570513743}.AppStore|iPhoneSimulator.ActiveCfg = Release|Any CPU
		{507DCC7D-F215-43C2-83BF-E0F570513743}.AppStore|iPhoneSimulator.Build.0 = Release|Any CPU
		{507DCC7D-F215-43C2-83BF-E0F570513743}.Debug|Any CPU.ActiveCfg = Debug|Any CPU
		{507DCC7D-F215-43C2-83BF-E0F570513743}.Debug|Any CPU.Build.0 = Debug|Any CPU
		{507DCC7D-F215-43C2-83BF-E0F570513743}.Debug|iPhone.ActiveCfg = Debug|Any CPU
		{507DCC7D-F215-43C2-83BF-E0F570513743}.Debug|iPhone.Build.0 = Debug|Any CPU
		{507DCC7D-F215-43C2-83BF-E0F570513743}.Debug|iPhoneSimulator.ActiveCfg = Debug|Any CPU
		{507DCC7D-F215-43C2-83BF-E0F570513743}.Debug|iPhoneSimulator.Build.0 = Debug|Any CPU
		{507DCC7D-F215-43C2-83BF-E0F570513743}.Release|Any CPU.ActiveCfg = Release|Any CPU
		{507DCC7D-F215-43C2-83BF-E0F570513743}.Release|Any CPU.Build.0 = Release|Any CPU
		{507DCC7D-F215-43C2-83BF-E0F570513743}.Release|iPhone.ActiveCfg = Release|Any CPU
		{507DCC7D-F215-43C2-83BF-E0F570513743}.Release|iPhone.Build.0 = Release|Any CPU
		{507DCC7D-F215-43C2-83BF-E0F570513743}.Release|iPhoneSimulator.ActiveCfg = Release|Any CPU
		{507DCC7D-F215-43C2-83BF-E0F570513743}.Release|iPhoneSimulator.Build.0 = Release|Any CPU
		{90D59E6D-5252-4FB3-8E80-B59C6E917EAC}.Ad-Hoc|Any CPU.ActiveCfg = Ad-Hoc|iPhone
		{90D59E6D-5252-4FB3-8E80-B59C6E917EAC}.Ad-Hoc|iPhone.ActiveCfg = Ad-Hoc|iPhone
		{90D59E6D-5252-4FB3-8E80-B59C6E917EAC}.Ad-Hoc|iPhone.Build.0 = Ad-Hoc|iPhone
		{90D59E6D-5252-4FB3-8E80-B59C6E917EAC}.Ad-Hoc|iPhoneSimulator.ActiveCfg = Ad-Hoc|iPhoneSimulator
		{90D59E6D-5252-4FB3-8E80-B59C6E917EAC}.Ad-Hoc|iPhoneSimulator.Build.0 = Ad-Hoc|iPhoneSimulator
		{90D59E6D-5252-4FB3-8E80-B59C6E917EAC}.AppStore|Any CPU.ActiveCfg = AppStore|iPhone
		{90D59E6D-5252-4FB3-8E80-B59C6E917EAC}.AppStore|iPhone.ActiveCfg = AppStore|iPhone
		{90D59E6D-5252-4FB3-8E80-B59C6E917EAC}.AppStore|iPhone.Build.0 = AppStore|iPhone
		{90D59E6D-5252-4FB3-8E80-B59C6E917EAC}.AppStore|iPhoneSimulator.ActiveCfg = AppStore|iPhoneSimulator
		{90D59E6D-5252-4FB3-8E80-B59C6E917EAC}.AppStore|iPhoneSimulator.Build.0 = AppStore|iPhoneSimulator
		{90D59E6D-5252-4FB3-8E80-B59C6E917EAC}.Debug|Any CPU.ActiveCfg = Debug|iPhone
		{90D59E6D-5252-4FB3-8E80-B59C6E917EAC}.Debug|iPhone.ActiveCfg = Debug|iPhone
		{90D59E6D-5252-4FB3-8E80-B59C6E917EAC}.Debug|iPhone.Build.0 = Debug|iPhone
		{90D59E6D-5252-4FB3-8E80-B59C6E917EAC}.Debug|iPhoneSimulator.ActiveCfg = Debug|iPhoneSimulator
		{90D59E6D-5252-4FB3-8E80-B59C6E917EAC}.Debug|iPhoneSimulator.Build.0 = Debug|iPhoneSimulator
		{90D59E6D-5252-4FB3-8E80-B59C6E917EAC}.Release|Any CPU.ActiveCfg = Release|iPhone
		{90D59E6D-5252-4FB3-8E80-B59C6E917EAC}.Release|iPhone.ActiveCfg = Release|iPhone
		{90D59E6D-5252-4FB3-8E80-B59C6E917EAC}.Release|iPhone.Build.0 = Release|iPhone
		{90D59E6D-5252-4FB3-8E80-B59C6E917EAC}.Release|iPhoneSimulator.ActiveCfg = Release|iPhoneSimulator
		{90D59E6D-5252-4FB3-8E80-B59C6E917EAC}.Release|iPhoneSimulator.Build.0 = Release|iPhoneSimulator
	EndGlobalSection
	GlobalSection(SolutionProperties) = preSolution
		HideSolutionNode = FALSE
	EndGlobalSection
EndGlobal
